// !$*UTF8*$!
{
	archiveVersion = 1;
	classes = {
	};
	objectVersion = 48;
	objects = {

/* Begin PBXBuildFile section */
		3B68C47A1FA056230016209C /* DetailViewController.swift in Sources */ = {isa = PBXBuildFile; fileRef = 3B68C4791FA056230016209C /* DetailViewController.swift */; };
		3BC47A461FA0091100D4FF29 /* CustomTableViewCell.swift in Sources */ = {isa = PBXBuildFile; fileRef = 3BC47A451FA0091100D4FF29 /* CustomTableViewCell.swift */; };
		3BC47A4C1FA009B200D4FF29 /* ModelController.swift in Sources */ = {isa = PBXBuildFile; fileRef = 3BC47A4B1FA009B200D4FF29 /* ModelController.swift */; };
		3BD10E951FA69A050050E153 /* News.swift in Sources */ = {isa = PBXBuildFile; fileRef = 3BD10E941FA69A050050E153 /* News.swift */; };
		3BD43E851F985F38009E73B0 /* AppDelegate.swift in Sources */ = {isa = PBXBuildFile; fileRef = 3BD43E841F985F38009E73B0 /* AppDelegate.swift */; };
		3BD43E871F985F38009E73B0 /* ViewController.swift in Sources */ = {isa = PBXBuildFile; fileRef = 3BD43E861F985F38009E73B0 /* ViewController.swift */; };
		3BD43E8A1F985F38009E73B0 /* Main.storyboard in Resources */ = {isa = PBXBuildFile; fileRef = 3BD43E881F985F38009E73B0 /* Main.storyboard */; };
		3BD43E8C1F985F38009E73B0 /* Assets.xcassets in Resources */ = {isa = PBXBuildFile; fileRef = 3BD43E8B1F985F38009E73B0 /* Assets.xcassets */; };
		3BD43E8F1F985F38009E73B0 /* LaunchScreen.storyboard in Resources */ = {isa = PBXBuildFile; fileRef = 3BD43E8D1F985F38009E73B0 /* LaunchScreen.storyboard */; };
/* End PBXBuildFile section */

/* Begin PBXFileReference section */
		3B68C4791FA056230016209C /* DetailViewController.swift */ = {isa = PBXFileReference; lastKnownFileType = sourcecode.swift; path = DetailViewController.swift; sourceTree = "<group>"; };
		3BC47A451FA0091100D4FF29 /* CustomTableViewCell.swift */ = {isa = PBXFileReference; lastKnownFileType = sourcecode.swift; path = CustomTableViewCell.swift; sourceTree = "<group>"; };
		3BC47A4B1FA009B200D4FF29 /* ModelController.swift */ = {isa = PBXFileReference; lastKnownFileType = sourcecode.swift; path = ModelController.swift; sourceTree = "<group>"; };
		3BD10E941FA69A050050E153 /* News.swift */ = {isa = PBXFileReference; lastKnownFileType = sourcecode.swift; path = News.swift; sourceTree = "<group>"; };
		3BD43E811F985F38009E73B0 /* NY_Times.app */ = {isa = PBXFileReference; explicitFileType = wrapper.application; includeInIndex = 0; path = NY_Times.app; sourceTree = BUILT_PRODUCTS_DIR; };
		3BD43E841F985F38009E73B0 /* AppDelegate.swift */ = {isa = PBXFileReference; lastKnownFileType = sourcecode.swift; path = AppDelegate.swift; sourceTree = "<group>"; };
		3BD43E861F985F38009E73B0 /* ViewController.swift */ = {isa = PBXFileReference; lastKnownFileType = sourcecode.swift; path = ViewController.swift; sourceTree = "<group>"; };
		3BD43E891F985F38009E73B0 /* Base */ = {isa = PBXFileReference; lastKnownFileType = file.storyboard; name = Base; path = Base.lproj/Main.storyboard; sourceTree = "<group>"; };
		3BD43E8B1F985F38009E73B0 /* Assets.xcassets */ = {isa = PBXFileReference; lastKnownFileType = folder.assetcatalog; path = Assets.xcassets; sourceTree = "<group>"; };
		3BD43E8E1F985F38009E73B0 /* Base */ = {isa = PBXFileReference; lastKnownFileType = file.storyboard; name = Base; path = Base.lproj/LaunchScreen.storyboard; sourceTree = "<group>"; };
		3BD43E901F985F38009E73B0 /* Info.plist */ = {isa = PBXFileReference; lastKnownFileType = text.plist.xml; path = Info.plist; sourceTree = "<group>"; };
/* End PBXFileReference section */

/* Begin PBXFrameworksBuildPhase section */
		3BD43E7E1F985F38009E73B0 /* Frameworks */ = {
			isa = PBXFrameworksBuildPhase;
			buildActionMask = 2147483647;
			files = (
			);
			runOnlyForDeploymentPostprocessing = 0;
		};
/* End PBXFrameworksBuildPhase section */

/* Begin PBXGroup section */
		3BC47A441FA008C500D4FF29 /* CustomCell */ = {
			isa = PBXGroup;
			children = (
				3BC47A451FA0091100D4FF29 /* CustomTableViewCell.swift */,
			);
			path = CustomCell;
			sourceTree = "<group>";
		};
		3BC47A471FA0092C00D4FF29 /* ViewControllers */ = {
			isa = PBXGroup;
			children = (
				3BD43E861F985F38009E73B0 /* ViewController.swift */,
				3B68C4791FA056230016209C /* DetailViewController.swift */,
			);
			path = ViewControllers;
			sourceTree = "<group>";
		};
		3BC47A481FA0094700D4FF29 /* ModelController */ = {
			isa = PBXGroup;
			children = (
				3BC47A4B1FA009B200D4FF29 /* ModelController.swift */,
				3BD10E941FA69A050050E153 /* News.swift */,
			);
			path = ModelController;
			sourceTree = "<group>";
		};
		3BD43E781F985F38009E73B0 = {
			isa = PBXGroup;
			children = (
				3BD43E831F985F38009E73B0 /* NY_Times */,
				3BD43E821F985F38009E73B0 /* Products */,
			);
			sourceTree = "<group>";
		};
		3BD43E821F985F38009E73B0 /* Products */ = {
			isa = PBXGroup;
			children = (
				3BD43E811F985F38009E73B0 /* NY_Times.app */,
			);
			name = Products;
			sourceTree = "<group>";
		};
		3BD43E831F985F38009E73B0 /* NY_Times */ = {
			isa = PBXGroup;
			children = (
				3BC47A481FA0094700D4FF29 /* ModelController */,
				3BC47A471FA0092C00D4FF29 /* ViewControllers */,
				3BC47A441FA008C500D4FF29 /* CustomCell */,
				3BD43E841F985F38009E73B0 /* AppDelegate.swift */,
				3BD43E881F985F38009E73B0 /* Main.storyboard */,
				3BD43E8B1F985F38009E73B0 /* Assets.xcassets */,
				3BD43E8D1F985F38009E73B0 /* LaunchScreen.storyboard */,
				3BD43E901F985F38009E73B0 /* Info.plist */,
			);
			path = NY_Times;
			sourceTree = "<group>";
		};
/* End PBXGroup section */

/* Begin PBXNativeTarget section */
		3BD43E801F985F38009E73B0 /* NY_Times */ = {
			isa = PBXNativeTarget;
			buildConfigurationList = 3BD43E931F985F38009E73B0 /* Build configuration list for PBXNativeTarget "NY_Times" */;
			buildPhases = (
				3BD43E7D1F985F38009E73B0 /* Sources */,
				3BD43E7E1F985F38009E73B0 /* Frameworks */,
				3BD43E7F1F985F38009E73B0 /* Resources */,
			);
			buildRules = (
			);
			dependencies = (
			);
			name = NY_Times;
			productName = NY_Times;
			productReference = 3BD43E811F985F38009E73B0 /* NY_Times.app */;
			productType = "com.apple.product-type.application";
		};
/* End PBXNativeTarget section */

/* Begin PBXProject section */
		3BD43E791F985F38009E73B0 /* Project object */ = {
			isa = PBXProject;
			attributes = {
				LastSwiftUpdateCheck = 0900;
				LastUpgradeCheck = 0900;
				ORGANIZATIONNAME = "Atisha Poojary";
				TargetAttributes = {
					3BD43E801F985F38009E73B0 = {
						CreatedOnToolsVersion = 9.0;
						ProvisioningStyle = Automatic;
					};
				};
			};
			buildConfigurationList = 3BD43E7C1F985F38009E73B0 /* Build configuration list for PBXProject "NY_Times" */;
			compatibilityVersion = "Xcode 8.0";
			developmentRegion = en;
			hasScannedForEncodings = 0;
			knownRegions = (
				en,
				Base,
			);
			mainGroup = 3BD43E781F985F38009E73B0;
			productRefGroup = 3BD43E821F985F38009E73B0 /* Products */;
			projectDirPath = "";
			projectRoot = "";
			targets = (
				3BD43E801F985F38009E73B0 /* NY_Times */,
			);
		};
/* End PBXProject section */

/* Begin PBXResourcesBuildPhase section */
		3BD43E7F1F985F38009E73B0 /* Resources */ = {
			isa = PBXResourcesBuildPhase;
			buildActionMask = 2147483647;
			files = (
				3BD43E8F1F985F38009E73B0 /* LaunchScreen.storyboard in Resources */,
				3BD43E8C1F985F38009E73B0 /* Assets.xcassets in Resources */,
				3BD43E8A1F985F38009E73B0 /* Main.storyboard in Resources */,
			);
			runOnlyForDeploymentPostprocessing = 0;
		};
/* End PBXResourcesBuildPhase section */

/* Begin PBXSourcesBuildPhase section */
		3BD43E7D1F985F38009E73B0 /* Sources */ = {
			isa = PBXSourcesBuildPhase;
			buildActionMask = 2147483647;
			files = (
				3BD10E951FA69A050050E153 /* News.swift in Sources */,
				3BC47A461FA0091100D4FF29 /* CustomTableViewCell.swift in Sources */,
				3BC47A4C1FA009B200D4FF29 /* ModelController.swift in Sources */,
				3B68C47A1FA056230016209C /* DetailViewController.swift in Sources */,
				3BD43E871F985F38009E73B0 /* ViewController.swift in Sources */,
				3BD43E851F985F38009E73B0 /* AppDelegate.swift in Sources */,
			);
			runOnlyForDeploymentPostprocessing = 0;
		};
/* End PBXSourcesBuildPhase section */

/* Begin PBXVariantGroup section */
		3BD43E881F985F38009E73B0 /* Main.storyboard */ = {
			isa = PBXVariantGroup;
			children = (
				3BD43E891F985F38009E73B0 /* Base */,
			);
			name = Main.storyboard;
			sourceTree = "<group>";
		};
		3BD43E8D1F985F38009E73B0 /* LaunchScreen.storyboard */ = {
			isa = PBXVariantGroup;
			children = (
				3BD43E8E1F985F38009E73B0 /* Base */,
			);
			name = LaunchScreen.storyboard;
			sourceTree = "<group>";
		};
/* End PBXVariantGroup section */

/* Begin XCBuildConfiguration section */
		3BD43E911F985F38009E73B0 /* Debug */ = {
			isa = XCBuildConfiguration;
			buildSettings = {
				ALWAYS_SEARCH_USER_PATHS = NO;
				CLANG_ANALYZER_NONNULL = YES;
				CLANG_ANALYZER_NUMBER_OBJECT_CONVERSION = YES_AGGRESSIVE;
				CLANG_CXX_LANGUAGE_STANDARD = "gnu++14";
				CLANG_CXX_LIBRARY = "libc++";
				CLANG_ENABLE_MODULES = YES;
				CLANG_ENABLE_OBJC_ARC = YES;
				CLANG_WARN_BLOCK_CAPTURE_AUTORELEASING = YES;
				CLANG_WARN_BOOL_CONVERSION = YES;
				CLANG_WARN_COMMA = YES;
				CLANG_WARN_CONSTANT_CONVERSION = YES;
				CLANG_WARN_DIRECT_OBJC_ISA_USAGE = YES_ERROR;
				CLANG_WARN_DOCUMENTATION_COMMENTS = YES;
				CLANG_WARN_EMPTY_BODY = YES;
				CLANG_WARN_ENUM_CONVERSION = YES;
				CLANG_WARN_INFINITE_RECURSION = YES;
				CLANG_WARN_INT_CONVERSION = YES;
				CLANG_WARN_NON_LITERAL_NULL_CONVERSION = YES;
				CLANG_WARN_OBJC_LITERAL_CONVERSION = YES;
				CLANG_WARN_OBJC_ROOT_CLASS = YES_ERROR;
				CLANG_WARN_RANGE_LOOP_ANALYSIS = YES;
				CLANG_WARN_STRICT_PROTOTYPES = YES;
				CLANG_WARN_SUSPICIOUS_MOVE = YES;
				CLANG_WARN_UNGUARDED_AVAILABILITY = YES_AGGRESSIVE;
				CLANG_WARN_UNREACHABLE_CODE = YES;
				CLANG_WARN__DUPLICATE_METHOD_MATCH = YES;
				CODE_SIGN_IDENTITY = "iPhone Developer";
				COPY_PHASE_STRIP = NO;
				DEBUG_INFORMATION_FORMAT = dwarf;
				ENABLE_STRICT_OBJC_MSGSEND = YES;
				ENABLE_TESTABILITY = YES;
				GCC_C_LANGUAGE_STANDARD = gnu11;
				GCC_DYNAMIC_NO_PIC = NO;
				GCC_NO_COMMON_BLOCKS = YES;
				GCC_OPTIMIZATION_LEVEL = 0;
				GCC_PREPROCESSOR_DEFINITIONS = (
					"DEBUG=1",
					"$(inherited)",
				);
				GCC_WARN_64_TO_32_BIT_CONVERSION = YES;
				GCC_WARN_ABOUT_RETURN_TYPE = YES_ERROR;
				GCC_WARN_UNDECLARED_SELECTOR = YES;
				GCC_WARN_UNINITIALIZED_AUTOS = YES_AGGRESSIVE;
				GCC_WARN_UNUSED_FUNCTION = YES;
				GCC_WARN_UNUSED_VARIABLE = YES;
				IPHONEOS_DEPLOYMENT_TARGET = 11.0;
				MTL_ENABLE_DEBUG_INFO = YES;
				ONLY_ACTIVE_ARCH = YES;
				SDKROOT = iphoneos;
				SWIFT_ACTIVE_COMPILATION_CONDITIONS = DEBUG;
				SWIFT_OPTIMIZATION_LEVEL = "-Onone";
			};
			name = Debug;
		};
		3BD43E921F985F38009E73B0 /* Release */ = {
			isa = XCBuildConfiguration;
			buildSettings = {
				ALWAYS_SEARCH_USER_PATHS = NO;
				CLANG_ANALYZER_NONNULL = YES;
				CLANG_ANALYZER_NUMBER_OBJECT_CONVERSION = YES_AGGRESSIVE;
				CLANG_CXX_LANGUAGE_STANDARD = "gnu++14";
				CLANG_CXX_LIBRARY = "libc++";
				CLANG_ENABLE_MODULES = YES;
				CLANG_ENABLE_OBJC_ARC = YES;
				CLANG_WARN_BLOCK_CAPTURE_AUTORELEASING = YES;
				CLANG_WARN_BOOL_CONVERSION = YES;
				CLANG_WARN_COMMA = YES;
				CLANG_WARN_CONSTANT_CONVERSION = YES;
				CLANG_WARN_DIRECT_OBJC_ISA_USAGE = YES_ERROR;
				CLANG_WARN_DOCUMENTATION_COMMENTS = YES;
				CLANG_WARN_EMPTY_BODY = YES;
				CLANG_WARN_ENUM_CONVERSION = YES;
				CLANG_WARN_INFINITE_RECURSION = YES;
				CLANG_WARN_INT_CONVERSION = YES;
				CLANG_WARN_NON_LITERAL_NULL_CONVERSION = YES;
				CLANG_WARN_OBJC_LITERAL_CONVERSION = YES;
				CLANG_WARN_OBJC_ROOT_CLASS = YES_ERROR;
				CLANG_WARN_RANGE_LOOP_ANALYSIS = YES;
				CLANG_WARN_STRICT_PROTOTYPES = YES;
				CLANG_WARN_SUSPICIOUS_MOVE = YES;
				CLANG_WARN_UNGUARDED_AVAILABILITY = YES_AGGRESSIVE;
				CLANG_WARN_UNREACHABLE_CODE = YES;
				CLANG_WARN__DUPLICATE_METHOD_MATCH = YES;
				CODE_SIGN_IDENTITY = "iPhone Developer";
				COPY_PHASE_STRIP = NO;
				DEBUG_INFORMATION_FORMAT = "dwarf-with-dsym";
				ENABLE_NS_ASSERTIONS = NO;
				ENABLE_STRICT_OBJC_MSGSEND = YES;
				GCC_C_LANGUAGE_STANDARD = gnu11;
				GCC_NO_COMMON_BLOCKS = YES;
				GCC_WARN_64_TO_32_BIT_CONVERSION = YES;
				GCC_WARN_ABOUT_RETURN_TYPE = YES_ERROR;
				GCC_WARN_UNDECLARED_SELECTOR = YES;
				GCC_WARN_UNINITIALIZED_AUTOS = YES_AGGRESSIVE;
				GCC_WARN_UNUSED_FUNCTION = YES;
				GCC_WARN_UNUSED_VARIABLE = YES;
				IPHONEOS_DEPLOYMENT_TARGET = 11.0;
				MTL_ENABLE_DEBUG_INFO = NO;
				SDKROOT = iphoneos;
				SWIFT_OPTIMIZATION_LEVEL = "-Owholemodule";
				VALIDATE_PRODUCT = YES;
			};
			name = Release;
		};
		3BD43E941F985F38009E73B0 /* Debug */ = {
			isa = XCBuildConfiguration;
			buildSettings = {
				ASSETCATALOG_COMPILER_APPICON_NAME = AppIcon;
				"CODE_SIGN_IDENTITY[sdk=iphoneos*]" = "iPhone Developer";
				CODE_SIGN_STYLE = Automatic;
				DEVELOPMENT_TEAM = HA4V9Y6ECA;
				INFOPLIST_FILE = NY_Times/Info.plist;
				LD_RUNPATH_SEARCH_PATHS = "$(inherited) @executable_path/Frameworks";
				PRODUCT_BUNDLE_IDENTIFIER = "com.NY-Times";
				PRODUCT_NAME = "$(TARGET_NAME)";
				PROVISIONING_PROFILE_SPECIFIER = "";
				SWIFT_VERSION = 4.0;
				TARGETED_DEVICE_FAMILY = "1,2";
			};
			name = Debug;
		};
		3BD43E951F985F38009E73B0 /* Release */ = {
			isa = XCBuildConfiguration;
			buildSettings = {
				ASSETCATALOG_COMPILER_APPICON_NAME = AppIcon;
				"CODE_SIGN_IDENTITY[sdk=iphoneos*]" = "iPhone Developer";
				CODE_SIGN_STYLE = Automatic;
				DEVELOPMENT_TEAM = HA4V9Y6ECA;
				INFOPLIST_FILE = NY_Times/Info.plist;
				LD_RUNPATH_SEARCH_PATHS = "$(inherited) @executable_path/Frameworks";
				PRODUCT_BUNDLE_IDENTIFIER = "com.NY-Times";
				PRODUCT_NAME = "$(TARGET_NAME)";
				PROVISIONING_PROFILE_SPECIFIER = "";
				SWIFT_VERSION = 4.0;
				TARGETED_DEVICE_FAMILY = "1,2";
			};
			name = Release;
		};
/* End XCBuildConfiguration section */

/* Begin XCConfigurationList section */
		3BD43E7C1F985F38009E73B0 /* Build configuration list for PBXProject "NY_Times" */ = {
			isa = XCConfigurationList;
			buildConfigurations = (
				3BD43E911F985F38009E73B0 /* Debug */,
				3BD43E921F985F38009E73B0 /* Release */,
			);
			defaultConfigurationIsVisible = 0;
			defaultConfigurationName = Release;
		};
		3BD43E931F985F38009E73B0 /* Build configuration list for PBXNativeTarget "NY_Times" */ = {
			isa = XCConfigurationList;
			buildConfigurations = (
				3BD43E941F985F38009E73B0 /* Debug */,
				3BD43E951F985F38009E73B0 /* Release */,
			);
			defaultConfigurationIsVisible = 0;
			defaultConfigurationName = Release;
		};
/* End XCConfigurationList section */
	};
	rootObject = 3BD43E791F985F38009E73B0 /* Project object */;
}
